// !$*UTF8*$!
{
	archiveVersion = 1;
	classes = {
	};
	objectVersion = 46;
	objects = {

/* Begin PBXBuildFile section */
		832E4D4B1F54DAD2005E4F78 /* main.m in Sources */ = {isa = PBXBuildFile; fileRef = 832E4D4A1F54DAD2005E4F78 /* main.m */; };
		832E4D4E1F54DAD2005E4F78 /* AppDelegate.m in Sources */ = {isa = PBXBuildFile; fileRef = 832E4D4D1F54DAD2005E4F78 /* AppDelegate.m */; };
		832E4D511F54DAD2005E4F78 /* ViewController.m in Sources */ = {isa = PBXBuildFile; fileRef = 832E4D501F54DAD2005E4F78 /* ViewController.m */; };
		832E4D541F54DAD2005E4F78 /* Main.storyboard in Resources */ = {isa = PBXBuildFile; fileRef = 832E4D521F54DAD2005E4F78 /* Main.storyboard */; };
		832E4D561F54DAD2005E4F78 /* Assets.xcassets in Resources */ = {isa = PBXBuildFile; fileRef = 832E4D551F54DAD2005E4F78 /* Assets.xcassets */; };
		832E4D591F54DAD2005E4F78 /* LaunchScreen.storyboard in Resources */ = {isa = PBXBuildFile; fileRef = 832E4D571F54DAD2005E4F78 /* LaunchScreen.storyboard */; };
		832E4D641F54DAD2005E4F78 /* SCM_cameronTests.m in Sources */ = {isa = PBXBuildFile; fileRef = 832E4D631F54DAD2005E4F78 /* SCM_cameronTests.m */; };
		832E4D6F1F54DAD2005E4F78 /* SCM_cameronUITests.m in Sources */ = {isa = PBXBuildFile; fileRef = 832E4D6E1F54DAD2005E4F78 /* SCM_cameronUITests.m */; };
/* End PBXBuildFile section */

/* Begin PBXContainerItemProxy section */
		832E4D601F54DAD2005E4F78 /* PBXContainerItemProxy */ = {
			isa = PBXContainerItemProxy;
			containerPortal = 832E4D3E1F54DAD2005E4F78 /* Project object */;
			proxyType = 1;
			remoteGlobalIDString = 832E4D451F54DAD2005E4F78;
			remoteInfo = SCM_cameron;
		};
		832E4D6B1F54DAD2005E4F78 /* PBXContainerItemProxy */ = {
			isa = PBXContainerItemProxy;
			containerPortal = 832E4D3E1F54DAD2005E4F78 /* Project object */;
			proxyType = 1;
			remoteGlobalIDString = 832E4D451F54DAD2005E4F78;
			remoteInfo = SCM_cameron;
		};
/* End PBXContainerItemProxy section */

/* Begin PBXFileReference section */
		832E4D461F54DAD2005E4F78 /* SCM_cameron.app */ = {isa = PBXFileReference; explicitFileType = wrapper.application; includeInIndex = 0; path = SCM_cameron.app; sourceTree = BUILT_PRODUCTS_DIR; };
		832E4D4A1F54DAD2005E4F78 /* main.m */ = {isa = PBXFileReference; lastKnownFileType = sourcecode.c.objc; path = main.m; sourceTree = "<group>"; };
		832E4D4C1F54DAD2005E4F78 /* AppDelegate.h */ = {isa = PBXFileReference; lastKnownFileType = sourcecode.c.h; path = AppDelegate.h; sourceTree = "<group>"; };
		832E4D4D1F54DAD2005E4F78 /* AppDelegate.m */ = {isa = PBXFileReference; lastKnownFileType = sourcecode.c.objc; path = AppDelegate.m; sourceTree = "<group>"; };
		832E4D4F1F54DAD2005E4F78 /* ViewController.h */ = {isa = PBXFileReference; lastKnownFileType = sourcecode.c.h; path = ViewController.h; sourceTree = "<group>"; };
		832E4D501F54DAD2005E4F78 /* ViewController.m */ = {isa = PBXFileReference; lastKnownFileType = sourcecode.c.objc; path = ViewController.m; sourceTree = "<group>"; };
		832E4D531F54DAD2005E4F78 /* Base */ = {isa = PBXFileReference; lastKnownFileType = file.storyboard; name = Base; path = Base.lproj/Main.storyboard; sourceTree = "<group>"; };
		832E4D551F54DAD2005E4F78 /* Assets.xcassets */ = {isa = PBXFileReference; lastKnownFileType = folder.assetcatalog; path = Assets.xcassets; sourceTree = "<group>"; };
		832E4D581F54DAD2005E4F78 /* Base */ = {isa = PBXFileReference; lastKnownFileType = file.storyboard; name = Base; path = Base.lproj/LaunchScreen.storyboard; sourceTree = "<group>"; };
		832E4D5A1F54DAD2005E4F78 /* Info.plist */ = {isa = PBXFileReference; lastKnownFileType = text.plist.xml; path = Info.plist; sourceTree = "<group>"; };
		832E4D5F1F54DAD2005E4F78 /* SCM_cameronTests.xctest */ = {isa = PBXFileReference; explicitFileType = wrapper.cfbundle; includeInIndex = 0; path = SCM_cameronTests.xctest; sourceTree = BUILT_PRODUCTS_DIR; };
		832E4D631F54DAD2005E4F78 /* SCM_cameronTests.m */ = {isa = PBXFileReference; lastKnownFileType = sourcecode.c.objc; path = SCM_cameronTests.m; sourceTree = "<group>"; };
		832E4D651F54DAD2005E4F78 /* Info.plist */ = {isa = PBXFileReference; lastKnownFileType = text.plist.xml; path = Info.plist; sourceTree = "<group>"; };
		832E4D6A1F54DAD2005E4F78 /* SCM_cameronUITests.xctest */ = {isa = PBXFileReference; explicitFileType = wrapper.cfbundle; includeInIndex = 0; path = SCM_cameronUITests.xctest; sourceTree = BUILT_PRODUCTS_DIR; };
		832E4D6E1F54DAD2005E4F78 /* SCM_cameronUITests.m */ = {isa = PBXFileReference; lastKnownFileType = sourcecode.c.objc; path = SCM_cameronUITests.m; sourceTree = "<group>"; };
		832E4D701F54DAD2005E4F78 /* Info.plist */ = {isa = PBXFileReference; lastKnownFileType = text.plist.xml; path = Info.plist; sourceTree = "<group>"; };
/* End PBXFileReference section */

/* Begin PBXFrameworksBuildPhase section */
		832E4D431F54DAD2005E4F78 /* Frameworks */ = {
			isa = PBXFrameworksBuildPhase;
			buildActionMask = 2147483647;
			files = (
			);
			runOnlyForDeploymentPostprocessing = 0;
		};
		832E4D5C1F54DAD2005E4F78 /* Frameworks */ = {
			isa = PBXFrameworksBuildPhase;
			buildActionMask = 2147483647;
			files = (
			);
			runOnlyForDeploymentPostprocessing = 0;
		};
		832E4D671F54DAD2005E4F78 /* Frameworks */ = {
			isa = PBXFrameworksBuildPhase;
			buildActionMask = 2147483647;
			files = (
			);
			runOnlyForDeploymentPostprocessing = 0;
		};
/* End PBXFrameworksBuildPhase section */

/* Begin PBXGroup section */
		832E4D3D1F54DAD2005E4F78 = {
			isa = PBXGroup;
			children = (
				832E4D481F54DAD2005E4F78 /* SCM_cameron */,
				832E4D621F54DAD2005E4F78 /* SCM_cameronTests */,
				832E4D6D1F54DAD2005E4F78 /* SCM_cameronUITests */,
				832E4D471F54DAD2005E4F78 /* Products */,
			);
			sourceTree = "<group>";
		};
		832E4D471F54DAD2005E4F78 /* Products */ = {
			isa = PBXGroup;
			children = (
				832E4D461F54DAD2005E4F78 /* SCM_cameron.app */,
				832E4D5F1F54DAD2005E4F78 /* SCM_cameronTests.xctest */,
				832E4D6A1F54DAD2005E4F78 /* SCM_cameronUITests.xctest */,
			);
			name = Products;
			sourceTree = "<group>";
		};
		832E4D481F54DAD2005E4F78 /* SCM_cameron */ = {
			isa = PBXGroup;
			children = (
				832E4D4C1F54DAD2005E4F78 /* AppDelegate.h */,
				832E4D4D1F54DAD2005E4F78 /* AppDelegate.m */,
				832E4D4F1F54DAD2005E4F78 /* ViewController.h */,
				832E4D501F54DAD2005E4F78 /* ViewController.m */,
				832E4D521F54DAD2005E4F78 /* Main.storyboard */,
				832E4D551F54DAD2005E4F78 /* Assets.xcassets */,
				832E4D571F54DAD2005E4F78 /* LaunchScreen.storyboard */,
				832E4D5A1F54DAD2005E4F78 /* Info.plist */,
				832E4D491F54DAD2005E4F78 /* Supporting Files */,
			);
			path = SCM_cameron;
			sourceTree = "<group>";
		};
		832E4D491F54DAD2005E4F78 /* Supporting Files */ = {
			isa = PBXGroup;
			children = (
				832E4D4A1F54DAD2005E4F78 /* main.m */,
			);
			name = "Supporting Files";
			sourceTree = "<group>";
		};
		832E4D621F54DAD2005E4F78 /* SCM_cameronTests */ = {
			isa = PBXGroup;
			children = (
				832E4D631F54DAD2005E4F78 /* SCM_cameronTests.m */,
				832E4D651F54DAD2005E4F78 /* Info.plist */,
			);
			path = SCM_cameronTests;
			sourceTree = "<group>";
		};
		832E4D6D1F54DAD2005E4F78 /* SCM_cameronUITests */ = {
			isa = PBXGroup;
			children = (
				832E4D6E1F54DAD2005E4F78 /* SCM_cameronUITests.m */,
				832E4D701F54DAD2005E4F78 /* Info.plist */,
			);
			path = SCM_cameronUITests;
			sourceTree = "<group>";
		};
/* End PBXGroup section */

/* Begin PBXNativeTarget section */
		832E4D451F54DAD2005E4F78 /* SCM_cameron */ = {
			isa = PBXNativeTarget;
			buildConfigurationList = 832E4D731F54DAD2005E4F78 /* Build configuration list for PBXNativeTarget "SCM_cameron" */;
			buildPhases = (
				832E4D421F54DAD2005E4F78 /* Sources */,
				832E4D431F54DAD2005E4F78 /* Frameworks */,
				832E4D441F54DAD2005E4F78 /* Resources */,
			);
			buildRules = (
			);
			dependencies = (
			);
			name = SCM_cameron;
			productName = SCM_cameron;
			productReference = 832E4D461F54DAD2005E4F78 /* SCM_cameron.app */;
			productType = "com.apple.product-type.application";
		};
		832E4D5E1F54DAD2005E4F78 /* SCM_cameronTests */ = {
			isa = PBXNativeTarget;
			buildConfigurationList = 832E4D761F54DAD2005E4F78 /* Build configuration list for PBXNativeTarget "SCM_cameronTests" */;
			buildPhases = (
				832E4D5B1F54DAD2005E4F78 /* Sources */,
				832E4D5C1F54DAD2005E4F78 /* Frameworks */,
				832E4D5D1F54DAD2005E4F78 /* Resources */,
			);
			buildRules = (
			);
			dependencies = (
				832E4D611F54DAD2005E4F78 /* PBXTargetDependency */,
			);
			name = SCM_cameronTests;
			productName = SCM_cameronTests;
			productReference = 832E4D5F1F54DAD2005E4F78 /* SCM_cameronTests.xctest */;
			productType = "com.apple.product-type.bundle.unit-test";
		};
		832E4D691F54DAD2005E4F78 /* SCM_cameronUITests */ = {
			isa = PBXNativeTarget;
			buildConfigurationList = 832E4D791F54DAD2005E4F78 /* Build configuration list for PBXNativeTarget "SCM_cameronUITests" */;
			buildPhases = (
				832E4D661F54DAD2005E4F78 /* Sources */,
				832E4D671F54DAD2005E4F78 /* Frameworks */,
				832E4D681F54DAD2005E4F78 /* Resources */,
			);
			buildRules = (
			);
			dependencies = (
				832E4D6C1F54DAD2005E4F78 /* PBXTargetDependency */,
			);
			name = SCM_cameronUITests;
			productName = SCM_cameronUITests;
			productReference = 832E4D6A1F54DAD2005E4F78 /* SCM_cameronUITests.xctest */;
			productType = "com.apple.product-type.bundle.ui-testing";
		};
/* End PBXNativeTarget section */

/* Begin PBXProject section */
		832E4D3E1F54DAD2005E4F78 /* Project object */ = {
			isa = PBXProject;
			attributes = {
				LastUpgradeCheck = 0830;
				ORGANIZATIONNAME = "Habib Sarbolandi";
				TargetAttributes = {
					832E4D451F54DAD2005E4F78 = {
						CreatedOnToolsVersion = 8.3.3;
						ProvisioningStyle = Automatic;
					};
					832E4D5E1F54DAD2005E4F78 = {
						CreatedOnToolsVersion = 8.3.3;
						ProvisioningStyle = Automatic;
						TestTargetID = 832E4D451F54DAD2005E4F78;
					};
					832E4D691F54DAD2005E4F78 = {
						CreatedOnToolsVersion = 8.3.3;
						ProvisioningStyle = Automatic;
						TestTargetID = 832E4D451F54DAD2005E4F78;
					};
				};
			};
			buildConfigurationList = 832E4D411F54DAD2005E4F78 /* Build configuration list for PBXProject "SCM_cameron" */;
			compatibilityVersion = "Xcode 3.2";
			developmentRegion = English;
			hasScannedForEncodings = 0;
			knownRegions = (
				en,
				Base,
			);
			mainGroup = 832E4D3D1F54DAD2005E4F78;
			productRefGroup = 832E4D471F54DAD2005E4F78 /* Products */;
			projectDirPath = "";
			projectRoot = "";
			targets = (
				832E4D451F54DAD2005E4F78 /* SCM_cameron */,
				832E4D5E1F54DAD2005E4F78 /* SCM_cameronTests */,
				832E4D691F54DAD2005E4F78 /* SCM_cameronUITests */,
			);
		};
/* End PBXProject section */

/* Begin PBXResourcesBuildPhase section */
		832E4D441F54DAD2005E4F78 /* Resources */ = {
			isa = PBXResourcesBuildPhase;
			buildActionMask = 2147483647;
			files = (
				832E4D591F54DAD2005E4F78 /* LaunchScreen.storyboard in Resources */,
				832E4D561F54DAD2005E4F78 /* Assets.xcassets in Resources */,
				832E4D541F54DAD2005E4F78 /* Main.storyboard in Resources */,
			);
			runOnlyForDeploymentPostprocessing = 0;
		};
		832E4D5D1F54DAD2005E4F78 /* Resources */ = {
			isa = PBXResourcesBuildPhase;
			buildActionMask = 2147483647;
			files = (
			);
			runOnlyForDeploymentPostprocessing = 0;
		};
		832E4D681F54DAD2005E4F78 /* Resources */ = {
			isa = PBXResourcesBuildPhase;
			buildActionMask = 2147483647;
			files = (
			);
			runOnlyForDeploymentPostprocessing = 0;
		};
/* End PBXResourcesBuildPhase section */

/* Begin PBXSourcesBuildPhase section */
		832E4D421F54DAD2005E4F78 /* Sources */ = {
			isa = PBXSourcesBuildPhase;
			buildActionMask = 2147483647;
			files = (
				832E4D511F54DAD2005E4F78 /* ViewController.m in Sources */,
				832E4D4E1F54DAD2005E4F78 /* AppDelegate.m in Sources */,
				832E4D4B1F54DAD2005E4F78 /* main.m in Sources */,
			);
			runOnlyForDeploymentPostprocessing = 0;
		};
		832E4D5B1F54DAD2005E4F78 /* Sources */ = {
			isa = PBXSourcesBuildPhase;
			buildActionMask = 2147483647;
			files = (
				832E4D641F54DAD2005E4F78 /* SCM_cameronTests.m in Sources */,
			);
			runOnlyForDeploymentPostprocessing = 0;
		};
		832E4D661F54DAD2005E4F78 /* Sources */ = {
			isa = PBXSourcesBuildPhase;
			buildActionMask = 2147483647;
			files = (
				832E4D6F1F54DAD2005E4F78 /* SCM_cameronUITests.m in Sources */,
			);
			runOnlyForDeploymentPostprocessing = 0;
		};
/* End PBXSourcesBuildPhase section */

/* Begin PBXTargetDependency section */
		832E4D611F54DAD2005E4F78 /* PBXTargetDependency */ = {
			isa = PBXTargetDependency;
			target = 832E4D451F54DAD2005E4F78 /* SCM_cameron */;
			targetProxy = 832E4D601F54DAD2005E4F78 /* PBXContainerItemProxy */;
		};
		832E4D6C1F54DAD2005E4F78 /* PBXTargetDependency */ = {
			isa = PBXTargetDependency;
			target = 832E4D451F54DAD2005E4F78 /* SCM_cameron */;
			targetProxy = 832E4D6B1F54DAD2005E4F78 /* PBXContainerItemProxy */;
		};
/* End PBXTargetDependency section */

/* Begin PBXVariantGroup section */
		832E4D521F54DAD2005E4F78 /* Main.storyboard */ = {
			isa = PBXVariantGroup;
			children = (
				832E4D531F54DAD2005E4F78 /* Base */,
			);
			name = Main.storyboard;
			sourceTree = "<group>";
		};
		832E4D571F54DAD2005E4F78 /* LaunchScreen.storyboard */ = {
			isa = PBXVariantGroup;
			children = (
				832E4D581F54DAD2005E4F78 /* Base */,
			);
			name = LaunchScreen.storyboard;
			sourceTree = "<group>";
		};
/* End PBXVariantGroup section */

/* Begin XCBuildConfiguration section */
		832E4D711F54DAD2005E4F78 /* Debug */ = {
			isa = XCBuildConfiguration;
			buildSettings = {
				ALWAYS_SEARCH_USER_PATHS = NO;
				CLANG_ANALYZER_NONNULL = YES;
				CLANG_ANALYZER_NUMBER_OBJECT_CONVERSION = YES_AGGRESSIVE;
				CLANG_CXX_LANGUAGE_STANDARD = "gnu++0x";
				CLANG_CXX_LIBRARY = "libc++";
				CLANG_ENABLE_MODULES = YES;
				CLANG_ENABLE_OBJC_ARC = YES;
				CLANG_WARN_BOOL_CONVERSION = YES;
				CLANG_WARN_CONSTANT_CONVERSION = YES;
				CLANG_WARN_DIRECT_OBJC_ISA_USAGE = YES_ERROR;
				CLANG_WARN_DOCUMENTATION_COMMENTS = YES;
				CLANG_WARN_EMPTY_BODY = YES;
				CLANG_WARN_ENUM_CONVERSION = YES;
				CLANG_WARN_INFINITE_RECURSION = YES;
				CLANG_WARN_INT_CONVERSION = YES;
				CLANG_WARN_OBJC_ROOT_CLASS = YES_ERROR;
				CLANG_WARN_SUSPICIOUS_MOVE = YES;
				CLANG_WARN_UNREACHABLE_CODE = YES;
				CLANG_WARN__DUPLICATE_METHOD_MATCH = YES;
				"CODE_SIGN_IDENTITY[sdk=iphoneos*]" = "iPhone Developer";
				COPY_PHASE_STRIP = NO;
				DEBUG_INFORMATION_FORMAT = dwarf;
				ENABLE_STRICT_OBJC_MSGSEND = YES;
				ENABLE_TESTABILITY = YES;
				GCC_C_LANGUAGE_STANDARD = gnu99;
				GCC_DYNAMIC_NO_PIC = NO;
				GCC_NO_COMMON_BLOCKS = YES;
				GCC_OPTIMIZATION_LEVEL = 0;
				GCC_PREPROCESSOR_DEFINITIONS = (
					"DEBUG=1",
					"$(inherited)",
				);
				GCC_WARN_64_TO_32_BIT_CONVERSION = YES;
				GCC_WARN_ABOUT_RETURN_TYPE = YES_ERROR;
				GCC_WARN_UNDECLARED_SELECTOR = YES;
				GCC_WARN_UNINITIALIZED_AUTOS = YES_AGGRESSIVE;
				GCC_WARN_UNUSED_FUNCTION = YES;
				GCC_WARN_UNUSED_VARIABLE = YES;
				IPHONEOS_DEPLOYMENT_TARGET = 10.3;
				MTL_ENABLE_DEBUG_INFO = YES;
				ONLY_ACTIVE_ARCH = YES;
				SDKROOT = iphoneos;
				TARGETED_DEVICE_FAMILY = "1,2";
			};
			name = Debug;
		};
		832E4D721F54DAD2005E4F78 /* Release */ = {
			isa = XCBuildConfiguration;
			buildSettings = {
				ALWAYS_SEARCH_USER_PATHS = NO;
				CLANG_ANALYZER_NONNULL = YES;
				CLANG_ANALYZER_NUMBER_OBJECT_CONVERSION = YES_AGGRESSIVE;
				CLANG_CXX_LANGUAGE_STANDARD = "gnu++0x";
				CLANG_CXX_LIBRARY = "libc++";
				CLANG_ENABLE_MODULES = YES;
				CLANG_ENABLE_OBJC_ARC = YES;
				CLANG_WARN_BOOL_CONVERSION = YES;
				CLANG_WARN_CONSTANT_CONVERSION = YES;
				CLANG_WARN_DIRECT_OBJC_ISA_USAGE = YES_ERROR;
				CLANG_WARN_DOCUMENTATION_COMMENTS = YES;
				CLANG_WARN_EMPTY_BODY = YES;
				CLANG_WARN_ENUM_CONVERSION = YES;
				CLANG_WARN_INFINITE_RECURSION = YES;
				CLANG_WARN_INT_CONVERSION = YES;
				CLANG_WARN_OBJC_ROOT_CLASS = YES_ERROR;
				CLANG_WARN_SUSPICIOUS_MOVE = YES;
				CLANG_WARN_UNREACHABLE_CODE = YES;
				CLANG_WARN__DUPLICATE_METHOD_MATCH = YES;
				"CODE_SIGN_IDENTITY[sdk=iphoneos*]" = "iPhone Developer";
				COPY_PHASE_STRIP = NO;
				DEBUG_INFORMATION_FORMAT = "dwarf-with-dsym";
				ENABLE_NS_ASSERTIONS = NO;
				ENABLE_STRICT_OBJC_MSGSEND = YES;
				GCC_C_LANGUAGE_STANDARD = gnu99;
				GCC_NO_COMMON_BLOCKS = YES;
				GCC_WARN_64_TO_32_BIT_CONVERSION = YES;
				GCC_WARN_ABOUT_RETURN_TYPE = YES_ERROR;
				GCC_WARN_UNDECLARED_SELECTOR = YES;
				GCC_WARN_UNINITIALIZED_AUTOS = YES_AGGRESSIVE;
				GCC_WARN_UNUSED_FUNCTION = YES;
				GCC_WARN_UNUSED_VARIABLE = YES;
				IPHONEOS_DEPLOYMENT_TARGET = 10.3;
				MTL_ENABLE_DEBUG_INFO = NO;
				SDKROOT = iphoneos;
				TARGETED_DEVICE_FAMILY = "1,2";
				VALIDATE_PRODUCT = YES;
			};
			name = Release;
		};
		832E4D741F54DAD2005E4F78 /* Debug */ = {
			isa = XCBuildConfiguration;
			buildSettings = {
				ASSETCATALOG_COMPILER_APPICON_NAME = AppIcon;
				INFOPLIST_FILE = SCM_cameron/Info.plist;
				LD_RUNPATH_SEARCH_PATHS = "$(inherited) @executable_path/Frameworks";
				PRODUCT_BUNDLE_IDENTIFIER = "cpp.SCM-cameron";
				PRODUCT_NAME = "$(TARGET_NAME)";
			};
			name = Debug;
		};
		832E4D751F54DAD2005E4F78 /* Release */ = {
			isa = XCBuildConfiguration;
			buildSettings = {
				ASSETCATALOG_COMPILER_APPICON_NAME = AppIcon;
				INFOPLIST_FILE = SCM_cameron/Info.plist;
				LD_RUNPATH_SEARCH_PATHS = "$(inherited) @executable_path/Frameworks";
				PRODUCT_BUNDLE_IDENTIFIER = "cpp.SCM-cameron";
				PRODUCT_NAME = "$(TARGET_NAME)";
			};
			name = Release;
		};
		832E4D771F54DAD2005E4F78 /* Debug */ = {
			isa = XCBuildConfiguration;
			buildSettings = {
				BUNDLE_LOADER = "$(TEST_HOST)";
				INFOPLIST_FILE = SCM_cameronTests/Info.plist;
				LD_RUNPATH_SEARCH_PATHS = "$(inherited) @executable_path/Frameworks @loader_path/Frameworks";
				PRODUCT_BUNDLE_IDENTIFIER = "cpp.SCM-cameronTests";
				PRODUCT_NAME = "$(TARGET_NAME)";
				TEST_HOST = "$(BUILT_PRODUCTS_DIR)/SCM_cameron.app/SCM_cameron";
			};
			name = Debug;
		};
		832E4D781F54DAD2005E4F78 /* Release */ = {
			isa = XCBuildConfiguration;
			buildSettings = {
				BUNDLE_LOADER = "$(TEST_HOST)";
				INFOPLIST_FILE = SCM_cameronTests/Info.plist;
				LD_RUNPATH_SEARCH_PATHS = "$(inherited) @executable_path/Frameworks @loader_path/Frameworks";
				PRODUCT_BUNDLE_IDENTIFIER = "cpp.SCM-cameronTests";
				PRODUCT_NAME = "$(TARGET_NAME)";
				TEST_HOST = "$(BUILT_PRODUCTS_DIR)/SCM_cameron.app/SCM_cameron";
			};
			name = Release;
		};
		832E4D7A1F54DAD2005E4F78 /* Debug */ = {
			isa = XCBuildConfiguration;
			buildSettings = {
				INFOPLIST_FILE = SCM_cameronUITests/Info.plist;
				LD_RUNPATH_SEARCH_PATHS = "$(inherited) @executable_path/Frameworks @loader_path/Frameworks";
				PRODUCT_BUNDLE_IDENTIFIER = "cpp.SCM-cameronUITests";
				PRODUCT_NAME = "$(TARGET_NAME)";
				TEST_TARGET_NAME = SCM_cameron;
			};
			name = Debug;
		};
		832E4D7B1F54DAD2005E4F78 /* Release */ = {
			isa = XCBuildConfiguration;
			buildSettings = {
				INFOPLIST_FILE = SCM_cameronUITests/Info.plist;
				LD_RUNPATH_SEARCH_PATHS = "$(inherited) @executable_path/Frameworks @loader_path/Frameworks";
				PRODUCT_BUNDLE_IDENTIFIER = "cpp.SCM-cameronUITests";
				PRODUCT_NAME = "$(TARGET_NAME)";
				TEST_TARGET_NAME = SCM_cameron;
			};
			name = Release;
		};
/* End XCBuildConfiguration section */

/* Begin XCConfigurationList section */
		832E4D411F54DAD2005E4F78 /* Build configuration list for PBXProject "SCM_cameron" */ = {
			isa = XCConfigurationList;
			buildConfigurations = (
				832E4D711F54DAD2005E4F78 /* Debug */,
				832E4D721F54DAD2005E4F78 /* Release */,
			);
			defaultConfigurationIsVisible = 0;
			defaultConfigurationName = Release;
		};
		832E4D731F54DAD2005E4F78 /* Build configuration list for PBXNativeTarget "SCM_cameron" */ = {
			isa = XCConfigurationList;
			buildConfigurations = (
				832E4D741F54DAD2005E4F78 /* Debug */,
				832E4D751F54DAD2005E4F78 /* Release */,
			);
			defaultConfigurationIsVisible = 0;
		};
		832E4D761F54DAD2005E4F78 /* Build configuration list for PBXNativeTarget "SCM_cameronTests" */ = {
			isa = XCConfigurationList;
			buildConfigurations = (
				832E4D771F54DAD2005E4F78 /* Debug */,
				832E4D781F54DAD2005E4F78 /* Release */,
			);
			defaultConfigurationIsVisible = 0;
		};
		832E4D791F54DAD2005E4F78 /* Build configuration list for PBXNativeTarget "SCM_cameronUITests" */ = {
			isa = XCConfigurationList;
			buildConfigurations = (
				832E4D7A1F54DAD2005E4F78 /* Debug */,
				832E4D7B1F54DAD2005E4F78 /* Release */,
			);
			defaultConfigurationIsVisible = 0;
		};
/* End XCConfigurationList section */
	};
	rootObject = 832E4D3E1F54DAD2005E4F78 /* Project object */;
}
